// !$*UTF8*$!
{
	archiveVersion = 1;
	classes = {
	};
	objectVersion = 50;
	objects = {

/* Begin PBXBuildFile section */
		8178A98C25F651FE00637C57 /* Case.swift in Sources */ = {isa = PBXBuildFile; fileRef = 8178A98B25F651FE00637C57 /* Case.swift */; };
		A5923EDC25F234F80010955A /* General_practitionerApp.swift in Sources */ = {isa = PBXBuildFile; fileRef = A5923EDB25F234F80010955A /* General_practitionerApp.swift */; };
		A5923EDE25F234F80010955A /* ContentView.swift in Sources */ = {isa = PBXBuildFile; fileRef = A5923EDD25F234F80010955A /* ContentView.swift */; };
		A5923EE025F234FB0010955A /* Assets.xcassets in Resources */ = {isa = PBXBuildFile; fileRef = A5923EDF25F234FB0010955A /* Assets.xcassets */; };
		A5923EE325F234FB0010955A /* Preview Assets.xcassets in Resources */ = {isa = PBXBuildFile; fileRef = A5923EE225F234FB0010955A /* Preview Assets.xcassets */; };
		A5923EE525F234FB0010955A /* Persistence.swift in Sources */ = {isa = PBXBuildFile; fileRef = A5923EE425F234FB0010955A /* Persistence.swift */; };
		A5923EE825F234FB0010955A /* General_practitioner.xcdatamodeld in Sources */ = {isa = PBXBuildFile; fileRef = A5923EE625F234FB0010955A /* General_practitioner.xcdatamodeld */; };
		A5923EF225F238840010955A /* BodyView.swift in Sources */ = {isa = PBXBuildFile; fileRef = A5923EF125F238840010955A /* BodyView.swift */; };
		A5923EF725F2389B0010955A /* HistoryView.swift in Sources */ = {isa = PBXBuildFile; fileRef = A5923EF625F2389B0010955A /* HistoryView.swift */; };
		A5923EFA25F238B20010955A /* GPMapView.swift in Sources */ = {isa = PBXBuildFile; fileRef = A5923EF925F238B20010955A /* GPMapView.swift */; };
		A5923EFE25F238C00010955A /* QuestionView.swift in Sources */ = {isa = PBXBuildFile; fileRef = A5923EFD25F238C00010955A /* QuestionView.swift */; };
		A5923F0225F238D90010955A /* ResultView.swift in Sources */ = {isa = PBXBuildFile; fileRef = A5923F0125F238D90010955A /* ResultView.swift */; };
		A5CC43C925FB6DDC00B28676 /* cases.txt in Resources */ = {isa = PBXBuildFile; fileRef = A5CC43C825FB6DDC00B28676 /* cases.txt */; };
		A5CC43CC25FB746B00B28676 /* questions.txt in Resources */ = {isa = PBXBuildFile; fileRef = A5CC43CB25FB746B00B28676 /* questions.txt */; };
		A5CC43CF25FB74A000B28676 /* Question.swift in Sources */ = {isa = PBXBuildFile; fileRef = A5CC43CE25FB74A000B28676 /* Question.swift */; };
		A5EE130C25F7679800BD864B /* CaseData.swift in Sources */ = {isa = PBXBuildFile; fileRef = A5EE130B25F7679800BD864B /* CaseData.swift */; };
/* End PBXBuildFile section */

/* Begin PBXFileReference section */
		8178A98B25F651FE00637C57 /* Case.swift */ = {isa = PBXFileReference; lastKnownFileType = sourcecode.swift; path = Case.swift; sourceTree = "<group>"; };
		A5923ED825F234F80010955A /* General practitioner.app */ = {isa = PBXFileReference; explicitFileType = wrapper.application; includeInIndex = 0; path = "General practitioner.app"; sourceTree = BUILT_PRODUCTS_DIR; };
		A5923EDB25F234F80010955A /* General_practitionerApp.swift */ = {isa = PBXFileReference; lastKnownFileType = sourcecode.swift; path = General_practitionerApp.swift; sourceTree = "<group>"; };
		A5923EDD25F234F80010955A /* ContentView.swift */ = {isa = PBXFileReference; lastKnownFileType = sourcecode.swift; path = ContentView.swift; sourceTree = "<group>"; };
		A5923EDF25F234FB0010955A /* Assets.xcassets */ = {isa = PBXFileReference; lastKnownFileType = folder.assetcatalog; path = Assets.xcassets; sourceTree = "<group>"; };
		A5923EE225F234FB0010955A /* Preview Assets.xcassets */ = {isa = PBXFileReference; lastKnownFileType = folder.assetcatalog; path = "Preview Assets.xcassets"; sourceTree = "<group>"; };
		A5923EE425F234FB0010955A /* Persistence.swift */ = {isa = PBXFileReference; lastKnownFileType = sourcecode.swift; path = Persistence.swift; sourceTree = "<group>"; };
		A5923EE725F234FB0010955A /* General_practitioner.xcdatamodel */ = {isa = PBXFileReference; lastKnownFileType = wrapper.xcdatamodel; path = General_practitioner.xcdatamodel; sourceTree = "<group>"; };
		A5923EE925F234FC0010955A /* Info.plist */ = {isa = PBXFileReference; lastKnownFileType = text.plist.xml; path = Info.plist; sourceTree = "<group>"; };
		A5923EF125F238840010955A /* BodyView.swift */ = {isa = PBXFileReference; lastKnownFileType = sourcecode.swift; path = BodyView.swift; sourceTree = "<group>"; };
		A5923EF625F2389B0010955A /* HistoryView.swift */ = {isa = PBXFileReference; lastKnownFileType = sourcecode.swift; path = HistoryView.swift; sourceTree = "<group>"; };
		A5923EF925F238B20010955A /* GPMapView.swift */ = {isa = PBXFileReference; lastKnownFileType = sourcecode.swift; path = GPMapView.swift; sourceTree = "<group>"; };
		A5923EFD25F238C00010955A /* QuestionView.swift */ = {isa = PBXFileReference; lastKnownFileType = sourcecode.swift; path = QuestionView.swift; sourceTree = "<group>"; };
		A5923F0125F238D90010955A /* ResultView.swift */ = {isa = PBXFileReference; lastKnownFileType = sourcecode.swift; path = ResultView.swift; sourceTree = "<group>"; };
		A5CC43C825FB6DDC00B28676 /* cases.txt */ = {isa = PBXFileReference; lastKnownFileType = text; path = cases.txt; sourceTree = "<group>"; };
		A5CC43CB25FB746B00B28676 /* questions.txt */ = {isa = PBXFileReference; lastKnownFileType = text; path = questions.txt; sourceTree = "<group>"; };
		A5CC43CE25FB74A000B28676 /* Question.swift */ = {isa = PBXFileReference; lastKnownFileType = sourcecode.swift; path = Question.swift; sourceTree = "<group>"; };
		A5EE130B25F7679800BD864B /* CaseData.swift */ = {isa = PBXFileReference; lastKnownFileType = sourcecode.swift; path = CaseData.swift; sourceTree = "<group>"; };
/* End PBXFileReference section */

/* Begin PBXFrameworksBuildPhase section */
		A5923ED525F234F80010955A /* Frameworks */ = {
			isa = PBXFrameworksBuildPhase;
			buildActionMask = 2147483647;
			files = (
			);
			runOnlyForDeploymentPostprocessing = 0;
		};
/* End PBXFrameworksBuildPhase section */

/* Begin PBXGroup section */
		A5923ECF25F234F80010955A = {
			isa = PBXGroup;
			children = (
				A5923EDA25F234F80010955A /* General practitioner */,
				A5923ED925F234F80010955A /* Products */,
			);
			sourceTree = "<group>";
		};
		A5923ED925F234F80010955A /* Products */ = {
			isa = PBXGroup;
			children = (
				A5923ED825F234F80010955A /* General practitioner.app */,
			);
			name = Products;
			sourceTree = "<group>";
		};
		A5923EDA25F234F80010955A /* General practitioner */ = {
			isa = PBXGroup;
			children = (
				A5923EDB25F234F80010955A /* General_practitionerApp.swift */,
				A5923EF125F238840010955A /* BodyView.swift */,
				A5923EDD25F234F80010955A /* ContentView.swift */,
				A5923EF925F238B20010955A /* GPMapView.swift */,
				A5923EF625F2389B0010955A /* HistoryView.swift */,
				A5923F0125F238D90010955A /* ResultView.swift */,
				A5923EFD25F238C00010955A /* QuestionView.swift */,
				8178A98B25F651FE00637C57 /* Case.swift */,
				A5CC43CE25FB74A000B28676 /* Question.swift */,
				A5EE130B25F7679800BD864B /* CaseData.swift */,
				A5923EDF25F234FB0010955A /* Assets.xcassets */,
				A5923EE425F234FB0010955A /* Persistence.swift */,
				A5923EE925F234FC0010955A /* Info.plist */,
				A5923EE625F234FB0010955A /* General_practitioner.xcdatamodeld */,
				A5923EE125F234FB0010955A /* Preview Content */,
				A5CC43C825FB6DDC00B28676 /* cases.txt */,
				A5CC43CB25FB746B00B28676 /* questions.txt */,
			);
			path = "General practitioner";
			sourceTree = "<group>";
		};
		A5923EE125F234FB0010955A /* Preview Content */ = {
			isa = PBXGroup;
			children = (
				A5923EE225F234FB0010955A /* Preview Assets.xcassets */,
			);
			path = "Preview Content";
			sourceTree = "<group>";
		};
/* End PBXGroup section */

/* Begin PBXNativeTarget section */
		A5923ED725F234F80010955A /* General practitioner */ = {
			isa = PBXNativeTarget;
			buildConfigurationList = A5923EEC25F234FC0010955A /* Build configuration list for PBXNativeTarget "General practitioner" */;
			buildPhases = (
				A5923ED425F234F80010955A /* Sources */,
				A5923ED525F234F80010955A /* Frameworks */,
				A5923ED625F234F80010955A /* Resources */,
			);
			buildRules = (
			);
			dependencies = (
			);
			name = "General practitioner";
			productName = "General practitioner";
			productReference = A5923ED825F234F80010955A /* General practitioner.app */;
			productType = "com.apple.product-type.application";
		};
/* End PBXNativeTarget section */

/* Begin PBXProject section */
		A5923ED025F234F80010955A /* Project object */ = {
			isa = PBXProject;
			attributes = {
				LastSwiftUpdateCheck = 1240;
				LastUpgradeCheck = 1240;
				TargetAttributes = {
					A5923ED725F234F80010955A = {
						CreatedOnToolsVersion = 12.4;
					};
				};
			};
			buildConfigurationList = A5923ED325F234F80010955A /* Build configuration list for PBXProject "General practitioner" */;
			compatibilityVersion = "Xcode 9.3";
			developmentRegion = en;
			hasScannedForEncodings = 0;
			knownRegions = (
				en,
				Base,
			);
			mainGroup = A5923ECF25F234F80010955A;
			productRefGroup = A5923ED925F234F80010955A /* Products */;
			projectDirPath = "";
			projectRoot = "";
			targets = (
				A5923ED725F234F80010955A /* General practitioner */,
			);
		};
/* End PBXProject section */

/* Begin PBXResourcesBuildPhase section */
		A5923ED625F234F80010955A /* Resources */ = {
			isa = PBXResourcesBuildPhase;
			buildActionMask = 2147483647;
			files = (
				A5923EE325F234FB0010955A /* Preview Assets.xcassets in Resources */,
				A5CC43C925FB6DDC00B28676 /* cases.txt in Resources */,
				A5CC43CC25FB746B00B28676 /* questions.txt in Resources */,
				A5923EE025F234FB0010955A /* Assets.xcassets in Resources */,
			);
			runOnlyForDeploymentPostprocessing = 0;
		};
/* End PBXResourcesBuildPhase section */

/* Begin PBXSourcesBuildPhase section */
		A5923ED425F234F80010955A /* Sources */ = {
			isa = PBXSourcesBuildPhase;
			buildActionMask = 2147483647;
			files = (
				A5923EFE25F238C00010955A /* QuestionView.swift in Sources */,
				A5923EE525F234FB0010955A /* Persistence.swift in Sources */,
				A5923F0225F238D90010955A /* ResultView.swift in Sources */,
				A5923EDE25F234F80010955A /* ContentView.swift in Sources */,
				A5923EF725F2389B0010955A /* HistoryView.swift in Sources */,
				A5923EE825F234FB0010955A /* General_practitioner.xcdatamodeld in Sources */,
				A5EE130C25F7679800BD864B /* CaseData.swift in Sources */,
				A5923EFA25F238B20010955A /* GPMapView.swift in Sources */,
				8178A98C25F651FE00637C57 /* Case.swift in Sources */,
				A5CC43CF25FB74A000B28676 /* Question.swift in Sources */,
				A5923EDC25F234F80010955A /* General_practitionerApp.swift in Sources */,
				A5923EF225F238840010955A /* BodyView.swift in Sources */,
			);
			runOnlyForDeploymentPostprocessing = 0;
		};
/* End PBXSourcesBuildPhase section */

/* Begin XCBuildConfiguration section */
		A5923EEA25F234FC0010955A /* Debug */ = {
			isa = XCBuildConfiguration;
			buildSettings = {
				ALWAYS_SEARCH_USER_PATHS = NO;
				CLANG_ANALYZER_NONNULL = YES;
				CLANG_ANALYZER_NUMBER_OBJECT_CONVERSION = YES_AGGRESSIVE;
				CLANG_CXX_LANGUAGE_STANDARD = "gnu++14";
				CLANG_CXX_LIBRARY = "libc++";
				CLANG_ENABLE_MODULES = YES;
				CLANG_ENABLE_OBJC_ARC = YES;
				CLANG_ENABLE_OBJC_WEAK = YES;
				CLANG_WARN_BLOCK_CAPTURE_AUTORELEASING = YES;
				CLANG_WARN_BOOL_CONVERSION = YES;
				CLANG_WARN_COMMA = YES;
				CLANG_WARN_CONSTANT_CONVERSION = YES;
				CLANG_WARN_DEPRECATED_OBJC_IMPLEMENTATIONS = YES;
				CLANG_WARN_DIRECT_OBJC_ISA_USAGE = YES_ERROR;
				CLANG_WARN_DOCUMENTATION_COMMENTS = YES;
				CLANG_WARN_EMPTY_BODY = YES;
				CLANG_WARN_ENUM_CONVERSION = YES;
				CLANG_WARN_INFINITE_RECURSION = YES;
				CLANG_WARN_INT_CONVERSION = YES;
				CLANG_WARN_NON_LITERAL_NULL_CONVERSION = YES;
				CLANG_WARN_OBJC_IMPLICIT_RETAIN_SELF = YES;
				CLANG_WARN_OBJC_LITERAL_CONVERSION = YES;
				CLANG_WARN_OBJC_ROOT_CLASS = YES_ERROR;
				CLANG_WARN_QUOTED_INCLUDE_IN_FRAMEWORK_HEADER = YES;
				CLANG_WARN_RANGE_LOOP_ANALYSIS = YES;
				CLANG_WARN_STRICT_PROTOTYPES = YES;
				CLANG_WARN_SUSPICIOUS_MOVE = YES;
				CLANG_WARN_UNGUARDED_AVAILABILITY = YES_AGGRESSIVE;
				CLANG_WARN_UNREACHABLE_CODE = YES;
				CLANG_WARN__DUPLICATE_METHOD_MATCH = YES;
				COPY_PHASE_STRIP = NO;
				DEBUG_INFORMATION_FORMAT = dwarf;
				ENABLE_STRICT_OBJC_MSGSEND = YES;
				ENABLE_TESTABILITY = YES;
				GCC_C_LANGUAGE_STANDARD = gnu11;
				GCC_DYNAMIC_NO_PIC = NO;
				GCC_NO_COMMON_BLOCKS = YES;
				GCC_OPTIMIZATION_LEVEL = 0;
				GCC_PREPROCESSOR_DEFINITIONS = (
					"DEBUG=1",
					"$(inherited)",
				);
				GCC_WARN_64_TO_32_BIT_CONVERSION = YES;
				GCC_WARN_ABOUT_RETURN_TYPE = YES_ERROR;
				GCC_WARN_UNDECLARED_SELECTOR = YES;
				GCC_WARN_UNINITIALIZED_AUTOS = YES_AGGRESSIVE;
				GCC_WARN_UNUSED_FUNCTION = YES;
				GCC_WARN_UNUSED_VARIABLE = YES;
				IPHONEOS_DEPLOYMENT_TARGET = 14.4;
				MTL_ENABLE_DEBUG_INFO = INCLUDE_SOURCE;
				MTL_FAST_MATH = YES;
				ONLY_ACTIVE_ARCH = YES;
				SDKROOT = iphoneos;
				SWIFT_ACTIVE_COMPILATION_CONDITIONS = DEBUG;
				SWIFT_OPTIMIZATION_LEVEL = "-Onone";
			};
			name = Debug;
		};
		A5923EEB25F234FC0010955A /* Release */ = {
			isa = XCBuildConfiguration;
			buildSettings = {
				ALWAYS_SEARCH_USER_PATHS = NO;
				CLANG_ANALYZER_NONNULL = YES;
				CLANG_ANALYZER_NUMBER_OBJECT_CONVERSION = YES_AGGRESSIVE;
				CLANG_CXX_LANGUAGE_STANDARD = "gnu++14";
				CLANG_CXX_LIBRARY = "libc++";
				CLANG_ENABLE_MODULES = YES;
				CLANG_ENABLE_OBJC_ARC = YES;
				CLANG_ENABLE_OBJC_WEAK = YES;
				CLANG_WARN_BLOCK_CAPTURE_AUTORELEASING = YES;
				CLANG_WARN_BOOL_CONVERSION = YES;
				CLANG_WARN_COMMA = YES;
				CLANG_WARN_CONSTANT_CONVERSION = YES;
				CLANG_WARN_DEPRECATED_OBJC_IMPLEMENTATIONS = YES;
				CLANG_WARN_DIRECT_OBJC_ISA_USAGE = YES_ERROR;
				CLANG_WARN_DOCUMENTATION_COMMENTS = YES;
				CLANG_WARN_EMPTY_BODY = YES;
				CLANG_WARN_ENUM_CONVERSION = YES;
				CLANG_WARN_INFINITE_RECURSION = YES;
				CLANG_WARN_INT_CONVERSION = YES;
				CLANG_WARN_NON_LITERAL_NULL_CONVERSION = YES;
				CLANG_WARN_OBJC_IMPLICIT_RETAIN_SELF = YES;
				CLANG_WARN_OBJC_LITERAL_CONVERSION = YES;
				CLANG_WARN_OBJC_ROOT_CLASS = YES_ERROR;
				CLANG_WARN_QUOTED_INCLUDE_IN_FRAMEWORK_HEADER = YES;
				CLANG_WARN_RANGE_LOOP_ANALYSIS = YES;
				CLANG_WARN_STRICT_PROTOTYPES = YES;
				CLANG_WARN_SUSPICIOUS_MOVE = YES;
				CLANG_WARN_UNGUARDED_AVAILABILITY = YES_AGGRESSIVE;
				CLANG_WARN_UNREACHABLE_CODE = YES;
				CLANG_WARN__DUPLICATE_METHOD_MATCH = YES;
				COPY_PHASE_STRIP = NO;
				DEBUG_INFORMATION_FORMAT = "dwarf-with-dsym";
				ENABLE_NS_ASSERTIONS = NO;
				ENABLE_STRICT_OBJC_MSGSEND = YES;
				GCC_C_LANGUAGE_STANDARD = gnu11;
				GCC_NO_COMMON_BLOCKS = YES;
				GCC_WARN_64_TO_32_BIT_CONVERSION = YES;
				GCC_WARN_ABOUT_RETURN_TYPE = YES_ERROR;
				GCC_WARN_UNDECLARED_SELECTOR = YES;
				GCC_WARN_UNINITIALIZED_AUTOS = YES_AGGRESSIVE;
				GCC_WARN_UNUSED_FUNCTION = YES;
				GCC_WARN_UNUSED_VARIABLE = YES;
				IPHONEOS_DEPLOYMENT_TARGET = 14.4;
				MTL_ENABLE_DEBUG_INFO = NO;
				MTL_FAST_MATH = YES;
				SDKROOT = iphoneos;
				SWIFT_COMPILATION_MODE = wholemodule;
				SWIFT_OPTIMIZATION_LEVEL = "-O";
				VALIDATE_PRODUCT = YES;
			};
			name = Release;
		};
		A5923EED25F234FC0010955A /* Debug */ = {
			isa = XCBuildConfiguration;
			buildSettings = {
				ASSETCATALOG_COMPILER_APPICON_NAME = AppIcon;
				ASSETCATALOG_COMPILER_GLOBAL_ACCENT_COLOR_NAME = AccentColor;
				CODE_SIGN_STYLE = Automatic;
				DEVELOPMENT_ASSET_PATHS = "\"General practitioner/Preview Content\"";
				DEVELOPMENT_TEAM = "";
				ENABLE_PREVIEWS = YES;
				INFOPLIST_FILE = "General practitioner/Info.plist";
				IPHONEOS_DEPLOYMENT_TARGET = 14.0;
				LD_RUNPATH_SEARCH_PATHS = (
					"$(inherited)",
					"@executable_path/Frameworks",
				);
				PRODUCT_BUNDLE_IDENTIFIER = "pim.duo.General-practitioner";
				PRODUCT_NAME = "$(TARGET_NAME)";
				SWIFT_VERSION = 5.0;
				TARGETED_DEVICE_FAMILY = 1;
			};
			name = Debug;
		};
		A5923EEE25F234FC0010955A /* Release */ = {
			isa = XCBuildConfiguration;
			buildSettings = {
				ASSETCATALOG_COMPILER_APPICON_NAME = AppIcon;
				ASSETCATALOG_COMPILER_GLOBAL_ACCENT_COLOR_NAME = AccentColor;
				CODE_SIGN_STYLE = Automatic;
				DEVELOPMENT_ASSET_PATHS = "\"General practitioner/Preview Content\"";
				DEVELOPMENT_TEAM = "";
				ENABLE_PREVIEWS = YES;
				INFOPLIST_FILE = "General practitioner/Info.plist";
				IPHONEOS_DEPLOYMENT_TARGET = 14.0;
				LD_RUNPATH_SEARCH_PATHS = (
					"$(inherited)",
					"@executable_path/Frameworks",
				);
				PRODUCT_BUNDLE_IDENTIFIER = "pim.duo.General-practitioner";
				PRODUCT_NAME = "$(TARGET_NAME)";
				SWIFT_VERSION = 5.0;
				TARGETED_DEVICE_FAMILY = 1;
			};
			name = Release;
		};
/* End XCBuildConfiguration section */

/* Begin XCConfigurationList section */
		A5923ED325F234F80010955A /* Build configuration list for PBXProject "General practitioner" */ = {
			isa = XCConfigurationList;
			buildConfigurations = (
				A5923EEA25F234FC0010955A /* Debug */,
				A5923EEB25F234FC0010955A /* Release */,
			);
			defaultConfigurationIsVisible = 0;
			defaultConfigurationName = Release;
		};
		A5923EEC25F234FC0010955A /* Build configuration list for PBXNativeTarget "General practitioner" */ = {
			isa = XCConfigurationList;
			buildConfigurations = (
				A5923EED25F234FC0010955A /* Debug */,
				A5923EEE25F234FC0010955A /* Release */,
			);
			defaultConfigurationIsVisible = 0;
			defaultConfigurationName = Release;
		};
/* End XCConfigurationList section */

/* Begin XCVersionGroup section */
		A5923EE625F234FB0010955A /* General_practitioner.xcdatamodeld */ = {
			isa = XCVersionGroup;
			children = (
				A5923EE725F234FB0010955A /* General_practitioner.xcdatamodel */,
			);
			currentVersion = A5923EE725F234FB0010955A /* General_practitioner.xcdatamodel */;
			path = General_practitioner.xcdatamodeld;
			sourceTree = "<group>";
			versionGroupType = wrapper.xcdatamodel;
		};
/* End XCVersionGroup section */
	};
	rootObject = A5923ED025F234F80010955A /* Project object */;
}
